
Microsoft Visual Studio Solution File, Format Version 12.00
# Visual Studio Version 16
VisualStudioVersion = 16.0.29609.76
MinimumVisualStudioVersion = 10.0.40219.1
Project("{9A19103F-16F7-4668-BE54-9A1E7A4F7556}") = "AxosoftAPI.NET", "AxosoftAPI.NET\AxosoftAPI.NET.csproj", "{38E2891F-F38E-4CA4-AD6A-33AAB944EB85}"
EndProject
Project("{FAE04EC0-301F-11D3-BF4B-00C04F79EFBC}") = "AxosoftAPI.NET.Tests", "AxosoftAPI.NET.Tests\AxosoftAPI.NET.Tests.csproj", "{8B723524-9A24-44EE-AE7E-4A038EE2DB2C}"
EndProject
Global
	GlobalSection(SolutionConfigurationPlatforms) = preSolution
		Debug|Any CPU = Debug|Any CPU
		Release|Any CPU = Release|Any CPU
	EndGlobalSection
	GlobalSection(ProjectConfigurationPlatforms) = postSolution
		{38E2891F-F38E-4CA4-AD6A-33AAB944EB85}.Debug|Any CPU.ActiveCfg = Debug|Any CPU
		{38E2891F-F38E-4CA4-AD6A-33AAB944EB85}.Debug|Any CPU.Build.0 = Debug|Any CPU
		{38E2891F-F38E-4CA4-AD6A-33AAB944EB85}.Release|Any CPU.ActiveCfg = Release|Any CPU
		{38E2891F-F38E-4CA4-AD6A-33AAB944EB85}.Release|Any CPU.Build.0 = Release|Any CPU
		{8B723524-9A24-44EE-AE7E-4A038EE2DB2C}.Debug|Any CPU.ActiveCfg = Debug|Any CPU
		{8B723524-9A24-44EE-AE7E-4A038EE2DB2C}.Debug|Any CPU.Build.0 = Debug|Any CPU
		{8B723524-9A24-44EE-AE7E-4A038EE2DB2C}.Release|Any CPU.ActiveCfg = Release|Any CPU
		{8B723524-9A24-44EE-AE7E-4A038EE2DB2C}.Release|Any CPU.Build.0 = Release|Any CPU
	EndGlobalSection
	GlobalSection(SolutionProperties) = preSolution
		HideSolutionNode = FALSE
	EndGlobalSection
	GlobalSection(ExtensibilityGlobals) = postSolution
		SolutionGuid = {35EA5A7A-D942-4B8F-9A64-8B2AB6F109B2}
	EndGlobalSection
EndGlobal
